
Microsoft Visual Studio Solution File, Format Version 12.00
# Visual Studio Version 16
VisualStudioVersion = 16.0.32602.291
MinimumVisualStudioVersion = 10.0.40219.1
Project("{8BC9CEB8-8B4A-11D0-8D11-00A0C91BC942}") = "HandleTableSign2.0", "HandleTableSign2.0.vcxproj", "{AD3BA61E-2D12-4106-97B1-B3949469BCAB}"
EndProject
Global
	GlobalSection(SolutionConfigurationPlatforms) = preSolution
		Debug|ARM = Debug|ARM
		Debug|ARM64 = Debug|ARM64
		Debug|x64 = Debug|x64
		Debug|x86 = Debug|x86
		Release|ARM = Release|ARM
		Release|ARM64 = Release|ARM64
		Release|x64 = Release|x64
		Release|x86 = Release|x86
	EndGlobalSection
	GlobalSection(ProjectConfigurationPlatforms) = postSolution
		{AD3BA61E-2D12-4106-97B1-B3949469BCAB}.Debug|ARM.ActiveCfg = Debug|ARM
		{AD3BA61E-2D12-4106-97B1-B3949469BCAB}.Debug|ARM.Build.0 = Debug|ARM
		{AD3BA61E-2D12-4106-97B1-B3949469BCAB}.Debug|ARM.Deploy.0 = Debug|ARM
		{AD3BA61E-2D12-4106-97B1-B3949469BCAB}.Debug|ARM64.ActiveCfg = Debug|ARM64
		{AD3BA61E-2D12-4106-97B1-B3949469BCAB}.Debug|ARM64.Build.0 = Debug|ARM64
		{AD3BA61E-2D12-4106-97B1-B3949469BCAB}.Debug|ARM64.Deploy.0 = Debug|ARM64
		{AD3BA61E-2D12-4106-97B1-B3949469BCAB}.Debug|x64.ActiveCfg = Debug|x64
		{AD3BA61E-2D12-4106-97B1-B3949469BCAB}.Debug|x64.Build.0 = Debug|x64
		{AD3BA61E-2D12-4106-97B1-B3949469BCAB}.Debug|x64.Deploy.0 = Debug|x64
		{AD3BA61E-2D12-4106-97B1-B3949469BCAB}.Debug|x86.ActiveCfg = Debug|Win32
		{AD3BA61E-2D12-4106-97B1-B3949469BCAB}.Debug|x86.Build.0 = Debug|Win32
		{AD3BA61E-2D12-4106-97B1-B3949469BCAB}.Debug|x86.Deploy.0 = Debug|Win32
		{AD3BA61E-2D12-4106-97B1-B3949469BCAB}.Release|ARM.ActiveCfg = Release|ARM
		{AD3BA61E-2D12-4106-97B1-B3949469BCAB}.Release|ARM.Build.0 = Release|ARM
		{AD3BA61E-2D12-4106-97B1-B3949469BCAB}.Release|ARM.Deploy.0 = Release|ARM
		{AD3BA61E-2D12-4106-97B1-B3949469BCAB}.Release|ARM64.ActiveCfg = Release|ARM64
		{AD3BA61E-2D12-4106-97B1-B3949469BCAB}.Release|ARM64.Build.0 = Release|ARM64
		{AD3BA61E-2D12-4106-97B1-B3949469BCAB}.Release|ARM64.Deploy.0 = Release|ARM64
		{AD3BA61E-2D12-4106-97B1-B3949469BCAB}.Release|x64.ActiveCfg = Release|x64
		{AD3BA61E-2D12-4106-97B1-B3949469BCAB}.Release|x64.Build.0 = Release|x64
		{AD3BA61E-2D12-4106-97B1-B3949469BCAB}.Release|x64.Deploy.0 = Release|x64
		{AD3BA61E-2D12-4106-97B1-B3949469BCAB}.Release|x86.ActiveCfg = Release|Win32
		{AD3BA61E-2D12-4106-97B1-B3949469BCAB}.Release|x86.Build.0 = Release|Win32
		{AD3BA61E-2D12-4106-97B1-B3949469BCAB}.Release|x86.Deploy.0 = Release|Win32
	EndGlobalSection
	GlobalSection(SolutionProperties) = preSolution
		HideSolutionNode = FALSE
	EndGlobalSection
	GlobalSection(ExtensibilityGlobals) = postSolution
		SolutionGuid = {7DC0FB9C-EABB-485D-B9C2-3D5949795709}
	EndGlobalSection
EndGlobal
